PODS:
  - Alamofire (5.9.1)
  - HUMAN (5.1.0)

DEPENDENCIES:
  - Alamofire (~> 5.9.1)
  - HUMAN (= 5.1.0)

SPEC REPOS:
  trunk:
    - Alamofire
    - HUMAN

SPEC CHECKSUMS:
  Alamofire: f36a35757af4587d8e4f4bfa223ad10be2422b8c
  HUMAN: 74920994252eba30a5d66661594bf68241f8c096

PODFILE CHECKSUM: a984ba304f64872371bb918853e9546469f72890

COCOAPODS: 1.16.2
