PODS:
  - Alamofire (5.9.1)
  - HUMAN (4.3.4)

DEPENDENCIES:
  - Alamofire (~> 5.9.1)
  - HUMAN (= 4.3.4)

SPEC REPOS:
  trunk:
    - Alamofire
    - HUMAN

SPEC CHECKSUMS:
  Alamofire: f36a35757af4587d8e4f4bfa223ad10be2422b8c
  HUMAN: 05883078e23c132ab261f1f1af4a3539663ca93c

PODFILE CHECKSUM: 246f3aed24d027a513371834a20dc0f7f57302db

COCOAPODS: 1.16.2
