PODS:
  - Alamofire (5.9.1)
  - HUMAN (4.2.0)

DEPENDENCIES:
  - Alamofire (~> 5.9.1)
  - HUMAN (= 4.2.0)

SPEC REPOS:
  trunk:
    - Alamofire
    - HUMAN

SPEC CHECKSUMS:
  Alamofire: f36a35757af4587d8e4f4bfa223ad10be2422b8c
  HUMAN: 7b432d6980d0e5097eb44f0d65202e31fe43c2a6

PODFILE CHECKSUM: 9ae0883cba05b878de7a525ee4d718aff2e85d30

COCOAPODS: 1.16.2
