{
  "originHash" : "a73e5f2867055cfd0c5f398c5ce570ba6986179570b0d30747501670253cf87b",
  "pins" : [
    {
      "identity" : "human-security-ios-sdk-spm",
      "kind" : "remoteSourceControl",
      "location" : "https://github.com/PerimeterX/human-security-ios-sdk-spm",
      "state" : {
        "revision" : "b14caeb5b043c36bcf64e85729ce0427ab1a1240",
        "version" : "5.3.1"
      }
    }
  ],
  "version" : 3
}
