{
  "originHash" : "a73e5f2867055cfd0c5f398c5ce570ba6986179570b0d30747501670253cf87b",
  "pins" : [
    {
      "identity" : "human-security-ios-sdk-spm",
      "kind" : "remoteSourceControl",
      "location" : "https://github.com/PerimeterX/human-security-ios-sdk-spm",
      "state" : {
        "revision" : "a2fdf1e484caa9cc6963ffa05bf2c76279eb6a59",
        "version" : "5.3.2"
      }
    }
  ],
  "version" : 3
}
